
Microsoft Visual Studio Solution File, Format Version 12.00
# Visual Studio Version 16
VisualStudioVersion = 16.0.30907.101
MinimumVisualStudioVersion = 10.0.40219.1
Project("{9A19103F-16F7-4668-BE54-9A1E7A4F7556}") = "ClassMetotDemo", "Tekrar\ClassMetotDemo.csproj", "{ECCA6FC1-A732-46E1-AA4C-8A5231C16FE3}"
EndProject
Global
	GlobalSection(SolutionConfigurationPlatforms) = preSolution
		Debug|Any CPU = Debug|Any CPU
		Release|Any CPU = Release|Any CPU
	EndGlobalSection
	GlobalSection(ProjectConfigurationPlatforms) = postSolution
		{ECCA6FC1-A732-46E1-AA4C-8A5231C16FE3}.Debug|Any CPU.ActiveCfg = Debug|Any CPU
		{ECCA6FC1-A732-46E1-AA4C-8A5231C16FE3}.Debug|Any CPU.Build.0 = Debug|Any CPU
		{ECCA6FC1-A732-46E1-AA4C-8A5231C16FE3}.Release|Any CPU.ActiveCfg = Release|Any CPU
		{ECCA6FC1-A732-46E1-AA4C-8A5231C16FE3}.Release|Any CPU.Build.0 = Release|Any CPU
	EndGlobalSection
	GlobalSection(SolutionProperties) = preSolution
		HideSolutionNode = FALSE
	EndGlobalSection
	GlobalSection(ExtensibilityGlobals) = postSolution
		SolutionGuid = {862242D7-B3DD-4863-BB99-784C1257AE89}
	EndGlobalSection
EndGlobal
